
Microsoft Visual Studio Solution File, Format Version 12.00
# Visual Studio Version 16
VisualStudioVersion = 16.0.29418.71
MinimumVisualStudioVersion = 10.0.40219.1
Project("{9A19103F-16F7-4668-BE54-9A1E7A4F7556}") = "SumOfSimpleNumbers", "SumOfSimpleNumbers.csproj", "{03072DB7-3E59-4B9E-9273-630E7273EB32}"
EndProject
Global
	GlobalSection(SolutionConfigurationPlatforms) = preSolution
		Debug|Any CPU = Debug|Any CPU
		Release|Any CPU = Release|Any CPU
	EndGlobalSection
	GlobalSection(ProjectConfigurationPlatforms) = postSolution
		{03072DB7-3E59-4B9E-9273-630E7273EB32}.Debug|Any CPU.ActiveCfg = Debug|Any CPU
		{03072DB7-3E59-4B9E-9273-630E7273EB32}.Debug|Any CPU.Build.0 = Debug|Any CPU
		{03072DB7-3E59-4B9E-9273-630E7273EB32}.Release|Any CPU.ActiveCfg = Release|Any CPU
		{03072DB7-3E59-4B9E-9273-630E7273EB32}.Release|Any CPU.Build.0 = Release|Any CPU
	EndGlobalSection
	GlobalSection(SolutionProperties) = preSolution
		HideSolutionNode = FALSE
	EndGlobalSection
	GlobalSection(ExtensibilityGlobals) = postSolution
		SolutionGuid = {BDE29CA3-80FF-4928-A2C9-E2A1D5754913}
	EndGlobalSection
EndGlobal
